
Microsoft Visual Studio Solution File, Format Version 12.00
# Visual Studio Version 17
VisualStudioVersion = 17.4.33110.190
MinimumVisualStudioVersion = 10.0.40219.1
Project("{9A19103F-16F7-4668-BE54-9A1E7A4F7556}") = "CapstoneApi", "CapstonApi\CapstoneApi.csproj", "{A67E3CD8-B8E8-4238-A7A4-E6603EF37903}"
EndProject
Project("{FAE04EC0-301F-11D3-BF4B-00C04F79EFBC}") = "CapstoneData", "CapstoneData\CapstoneData.csproj", "{CFB5229C-C9D1-4104-8C59-921E99E2C821}"
EndProject
Global
	GlobalSection(SolutionConfigurationPlatforms) = preSolution
		Debug|Any CPU = Debug|Any CPU
		Release|Any CPU = Release|Any CPU
	EndGlobalSection
	GlobalSection(ProjectConfigurationPlatforms) = postSolution
		{A67E3CD8-B8E8-4238-A7A4-E6603EF37903}.Debug|Any CPU.ActiveCfg = Debug|Any CPU
		{A67E3CD8-B8E8-4238-A7A4-E6603EF37903}.Debug|Any CPU.Build.0 = Debug|Any CPU
		{A67E3CD8-B8E8-4238-A7A4-E6603EF37903}.Release|Any CPU.ActiveCfg = Release|Any CPU
		{A67E3CD8-B8E8-4238-A7A4-E6603EF37903}.Release|Any CPU.Build.0 = Release|Any CPU
		{CFB5229C-C9D1-4104-8C59-921E99E2C821}.Debug|Any CPU.ActiveCfg = Debug|Any CPU
		{CFB5229C-C9D1-4104-8C59-921E99E2C821}.Debug|Any CPU.Build.0 = Debug|Any CPU
		{CFB5229C-C9D1-4104-8C59-921E99E2C821}.Release|Any CPU.ActiveCfg = Release|Any CPU
		{CFB5229C-C9D1-4104-8C59-921E99E2C821}.Release|Any CPU.Build.0 = Release|Any CPU
	EndGlobalSection
	GlobalSection(SolutionProperties) = preSolution
		HideSolutionNode = FALSE
	EndGlobalSection
	GlobalSection(ExtensibilityGlobals) = postSolution
		SolutionGuid = {97CA8FD7-5490-4DCE-A1B6-DC6420DAD7DE}
	EndGlobalSection
EndGlobal
